PODS:
  - Flutter (1.0.0)
  - image_picker (0.0.1):
    - Flutter
  - shared_preferences (0.0.1):
    - Flutter
  - TensorFlowLite (1.13.1)
  - tflite (1.0.4):
    - Flutter
    - TensorFlowLite
  - url_launcher (0.0.1):
    - Flutter

DEPENDENCIES:
  - Flutter (from `Flutter`)
  - image_picker (from `.symlinks/plugins/image_picker/ios`)
  - shared_preferences (from `.symlinks/plugins/shared_preferences/ios`)
  - tflite (from `.symlinks/plugins/tflite/ios`)
  - url_launcher (from `.symlinks/plugins/url_launcher/ios`)

SPEC REPOS:
  trunk:
    - TensorFlowLite

EXTERNAL SOURCES:
  Flutter:
    :path: Flutter
  image_picker:
    :path: ".symlinks/plugins/image_picker/ios"
  shared_preferences:
    :path: ".symlinks/plugins/shared_preferences/ios"
  tflite:
    :path: ".symlinks/plugins/tflite/ios"
  url_launcher:
    :path: ".symlinks/plugins/url_launcher/ios"

SPEC CHECKSUMS:
  Flutter: 50d75fe2f02b26cc09d224853bb45737f8b3214a
  image_picker: e3eacd46b94694dde7cf2705955cece853aa1a8f
  shared_preferences: af6bfa751691cdc24be3045c43ec037377ada40d
  TensorFlowLite: 8b9dc4eb32eac0f8cb660c66bca7604da56dcc5a
  tflite: a6911f4ac99be9c73c1dcffb1a5d54b3c56087a8
  url_launcher: 6fef411d543ceb26efce54b05a0a40bfd74cbbef

PODFILE CHECKSUM: aafe91acc616949ddb318b77800a7f51bffa2a4c

COCOAPODS: 1.11.2
